// !$*UTF8*$!
{
	archiveVersion = 1;
	classes = {
	};
	objectVersion = 46;
	objects = {

/* Begin PBXBuildFile section */
		7B40D4CA1EB69E3D00DBE4F7 /* AppDelegate.swift in Sources */ = {isa = PBXBuildFile; fileRef = 7B40D4C91EB69E3D00DBE4F7 /* AppDelegate.swift */; };
		7B40D4CC1EB69E3D00DBE4F7 /* ViewController.swift in Sources */ = {isa = PBXBuildFile; fileRef = 7B40D4CB1EB69E3D00DBE4F7 /* ViewController.swift */; };
		7B40D4CF1EB69E3D00DBE4F7 /* Main.storyboard in Resources */ = {isa = PBXBuildFile; fileRef = 7B40D4CD1EB69E3D00DBE4F7 /* Main.storyboard */; };
		7B40D4D11EB69E3D00DBE4F7 /* Assets.xcassets in Resources */ = {isa = PBXBuildFile; fileRef = 7B40D4D01EB69E3D00DBE4F7 /* Assets.xcassets */; };
		7B40D4D41EB69E3D00DBE4F7 /* LaunchScreen.storyboard in Resources */ = {isa = PBXBuildFile; fileRef = 7B40D4D21EB69E3D00DBE4F7 /* LaunchScreen.storyboard */; };
		7B40D4DC1EB6A03800DBE4F7 /* WhenHubAPI.swift in Sources */ = {isa = PBXBuildFile; fileRef = 7B40D4DB1EB6A03800DBE4F7 /* WhenHubAPI.swift */; };
		7B7A8AA41EBDF66200A657F0 /* Event.swift in Sources */ = {isa = PBXBuildFile; fileRef = 7B7A8AA31EBDF66100A657F0 /* Event.swift */; };
		7BB70A371EBCF1F700E807CD /* WhenHubAPIConstants.swift in Sources */ = {isa = PBXBuildFile; fileRef = 7BB70A361EBCF1F700E807CD /* WhenHubAPIConstants.swift */; };
		7BD4E2A11EBD1090000DDDA3 /* AlamofireImage.framework in Frameworks */ = {isa = PBXBuildFile; fileRef = 7BD4E2A01EBD1090000DDDA3 /* AlamofireImage.framework */; };
		7BD4E2A31EBD1A1C000DDDA3 /* MySchedulesViewController.swift in Sources */ = {isa = PBXBuildFile; fileRef = 7BD4E2A21EBD1A1C000DDDA3 /* MySchedulesViewController.swift */; };
		7BD4E2A51EBD2944000DDDA3 /* Schedule.swift in Sources */ = {isa = PBXBuildFile; fileRef = 7BD4E2A41EBD2944000DDDA3 /* Schedule.swift */; };
		7BD4E2A71EBD305A000DDDA3 /* ScheduleCell.swift in Sources */ = {isa = PBXBuildFile; fileRef = 7BD4E2A61EBD305A000DDDA3 /* ScheduleCell.swift */; };
		82A8B4B1055B40E89967C442 /* Pods_WhenHubApp.framework in Frameworks */ = {isa = PBXBuildFile; fileRef = F8603F3ABF8E708DAEF72DA2 /* Pods_WhenHubApp.framework */; };
/* End PBXBuildFile section */

/* Begin PBXFileReference section */
		7B40D4C61EB69E3D00DBE4F7 /* WhenHubApp.app */ = {isa = PBXFileReference; explicitFileType = wrapper.application; includeInIndex = 0; path = WhenHubApp.app; sourceTree = BUILT_PRODUCTS_DIR; };
		7B40D4C91EB69E3D00DBE4F7 /* AppDelegate.swift */ = {isa = PBXFileReference; lastKnownFileType = sourcecode.swift; path = AppDelegate.swift; sourceTree = "<group>"; };
		7B40D4CB1EB69E3D00DBE4F7 /* ViewController.swift */ = {isa = PBXFileReference; lastKnownFileType = sourcecode.swift; path = ViewController.swift; sourceTree = "<group>"; };
		7B40D4CE1EB69E3D00DBE4F7 /* Base */ = {isa = PBXFileReference; lastKnownFileType = file.storyboard; name = Base; path = Base.lproj/Main.storyboard; sourceTree = "<group>"; };
		7B40D4D01EB69E3D00DBE4F7 /* Assets.xcassets */ = {isa = PBXFileReference; lastKnownFileType = folder.assetcatalog; path = Assets.xcassets; sourceTree = "<group>"; };
		7B40D4D31EB69E3D00DBE4F7 /* Base */ = {isa = PBXFileReference; lastKnownFileType = file.storyboard; name = Base; path = Base.lproj/LaunchScreen.storyboard; sourceTree = "<group>"; };
		7B40D4D51EB69E3D00DBE4F7 /* Info.plist */ = {isa = PBXFileReference; lastKnownFileType = text.plist.xml; path = Info.plist; sourceTree = "<group>"; };
		7B40D4DB1EB6A03800DBE4F7 /* WhenHubAPI.swift */ = {isa = PBXFileReference; fileEncoding = 4; lastKnownFileType = sourcecode.swift; path = WhenHubAPI.swift; sourceTree = "<group>"; };
		7B7A8AA31EBDF66100A657F0 /* Event.swift */ = {isa = PBXFileReference; fileEncoding = 4; lastKnownFileType = sourcecode.swift; path = Event.swift; sourceTree = "<group>"; };
		7BB70A361EBCF1F700E807CD /* WhenHubAPIConstants.swift */ = {isa = PBXFileReference; fileEncoding = 4; lastKnownFileType = sourcecode.swift; path = WhenHubAPIConstants.swift; sourceTree = "<group>"; };
		7BD4E2A01EBD1090000DDDA3 /* AlamofireImage.framework */ = {isa = PBXFileReference; lastKnownFileType = wrapper.framework; name = AlamofireImage.framework; path = "../../Library/Developer/Xcode/DerivedData/WhenHubApp-asewozuapbqesvdnnfxcpxllarps/Build/Products/Debug-iphoneos/AlamofireImage/AlamofireImage.framework"; sourceTree = "<group>"; };
		7BD4E2A21EBD1A1C000DDDA3 /* MySchedulesViewController.swift */ = {isa = PBXFileReference; fileEncoding = 4; lastKnownFileType = sourcecode.swift; path = MySchedulesViewController.swift; sourceTree = "<group>"; };
		7BD4E2A41EBD2944000DDDA3 /* Schedule.swift */ = {isa = PBXFileReference; fileEncoding = 4; lastKnownFileType = sourcecode.swift; path = Schedule.swift; sourceTree = "<group>"; };
		7BD4E2A61EBD305A000DDDA3 /* ScheduleCell.swift */ = {isa = PBXFileReference; fileEncoding = 4; lastKnownFileType = sourcecode.swift; path = ScheduleCell.swift; sourceTree = "<group>"; };
		82561F89404EE58FD75B735D /* Pods-WhenHubApp.release.xcconfig */ = {isa = PBXFileReference; includeInIndex = 1; lastKnownFileType = text.xcconfig; name = "Pods-WhenHubApp.release.xcconfig"; path = "Pods/Target Support Files/Pods-WhenHubApp/Pods-WhenHubApp.release.xcconfig"; sourceTree = "<group>"; };
		C0D3D75F51A37A0CD034657A /* Pods-WhenHubApp.debug.xcconfig */ = {isa = PBXFileReference; includeInIndex = 1; lastKnownFileType = text.xcconfig; name = "Pods-WhenHubApp.debug.xcconfig"; path = "Pods/Target Support Files/Pods-WhenHubApp/Pods-WhenHubApp.debug.xcconfig"; sourceTree = "<group>"; };
		F8603F3ABF8E708DAEF72DA2 /* Pods_WhenHubApp.framework */ = {isa = PBXFileReference; explicitFileType = wrapper.framework; includeInIndex = 0; path = Pods_WhenHubApp.framework; sourceTree = BUILT_PRODUCTS_DIR; };
/* End PBXFileReference section */

/* Begin PBXFrameworksBuildPhase section */
		7B40D4C31EB69E3D00DBE4F7 /* Frameworks */ = {
			isa = PBXFrameworksBuildPhase;
			buildActionMask = 2147483647;
			files = (
				7BD4E2A11EBD1090000DDDA3 /* AlamofireImage.framework in Frameworks */,
				82A8B4B1055B40E89967C442 /* Pods_WhenHubApp.framework in Frameworks */,
			);
			runOnlyForDeploymentPostprocessing = 0;
		};
/* End PBXFrameworksBuildPhase section */

/* Begin PBXGroup section */
		10FB3B48E259CF6A9522C2F2 /* Pods */ = {
			isa = PBXGroup;
			children = (
				C0D3D75F51A37A0CD034657A /* Pods-WhenHubApp.debug.xcconfig */,
				82561F89404EE58FD75B735D /* Pods-WhenHubApp.release.xcconfig */,
			);
			name = Pods;
			sourceTree = "<group>";
		};
		7B40D4BD1EB69E3C00DBE4F7 = {
			isa = PBXGroup;
			children = (
				7B40D4C81EB69E3D00DBE4F7 /* WhenHubApp */,
				7B40D4C71EB69E3D00DBE4F7 /* Products */,
				10FB3B48E259CF6A9522C2F2 /* Pods */,
				DA0864F94B03B20657C2C411 /* Frameworks */,
			);
			sourceTree = "<group>";
		};
		7B40D4C71EB69E3D00DBE4F7 /* Products */ = {
			isa = PBXGroup;
			children = (
				7B40D4C61EB69E3D00DBE4F7 /* WhenHubApp.app */,
			);
			name = Products;
			sourceTree = "<group>";
		};
		7B40D4C81EB69E3D00DBE4F7 /* WhenHubApp */ = {
			isa = PBXGroup;
			children = (
				7B40D4C91EB69E3D00DBE4F7 /* AppDelegate.swift */,
				7B40D4CB1EB69E3D00DBE4F7 /* ViewController.swift */,
				7B40D4CD1EB69E3D00DBE4F7 /* Main.storyboard */,
				7B40D4D01EB69E3D00DBE4F7 /* Assets.xcassets */,
				7B40D4D21EB69E3D00DBE4F7 /* LaunchScreen.storyboard */,
				7B40D4D51EB69E3D00DBE4F7 /* Info.plist */,
				7B40D4DB1EB6A03800DBE4F7 /* WhenHubAPI.swift */,
				7BB70A361EBCF1F700E807CD /* WhenHubAPIConstants.swift */,
				7BD4E2A21EBD1A1C000DDDA3 /* MySchedulesViewController.swift */,
				7BD4E2A41EBD2944000DDDA3 /* Schedule.swift */,
				7BD4E2A61EBD305A000DDDA3 /* ScheduleCell.swift */,
				7B7A8AA31EBDF66100A657F0 /* Event.swift */,
			);
			path = WhenHubApp;
			sourceTree = "<group>";
		};
		DA0864F94B03B20657C2C411 /* Frameworks */ = {
			isa = PBXGroup;
			children = (
				7BD4E2A01EBD1090000DDDA3 /* AlamofireImage.framework */,
				F8603F3ABF8E708DAEF72DA2 /* Pods_WhenHubApp.framework */,
			);
			name = Frameworks;
			sourceTree = "<group>";
		};
/* End PBXGroup section */

/* Begin PBXNativeTarget section */
		7B40D4C51EB69E3D00DBE4F7 /* WhenHubApp */ = {
			isa = PBXNativeTarget;
			buildConfigurationList = 7B40D4D81EB69E3D00DBE4F7 /* Build configuration list for PBXNativeTarget "WhenHubApp" */;
			buildPhases = (
				42D14FEA82DE4359E2B5FAAF /* [CP] Check Pods Manifest.lock */,
				7B40D4C21EB69E3D00DBE4F7 /* Sources */,
				7B40D4C31EB69E3D00DBE4F7 /* Frameworks */,
				7B40D4C41EB69E3D00DBE4F7 /* Resources */,
				BCDCB1FB7BC44BE42DB83792 /* [CP] Embed Pods Frameworks */,
				6912F3DB0B9AA8CC001EB185 /* [CP] Copy Pods Resources */,
			);
			buildRules = (
			);
			dependencies = (
			);
			name = WhenHubApp;
			productName = WhenHubApp;
			productReference = 7B40D4C61EB69E3D00DBE4F7 /* WhenHubApp.app */;
			productType = "com.apple.product-type.application";
		};
/* End PBXNativeTarget section */

/* Begin PBXProject section */
		7B40D4BE1EB69E3C00DBE4F7 /* Project object */ = {
			isa = PBXProject;
			attributes = {
				LastSwiftUpdateCheck = 0830;
				LastUpgradeCheck = 0830;
				ORGANIZATIONNAME = "Rodrigo Suhr";
				TargetAttributes = {
					7B40D4C51EB69E3D00DBE4F7 = {
						CreatedOnToolsVersion = 8.3.2;
						DevelopmentTeam = FMU8FF78B7;
						ProvisioningStyle = Automatic;
					};
				};
			};
			buildConfigurationList = 7B40D4C11EB69E3C00DBE4F7 /* Build configuration list for PBXProject "WhenHubApp" */;
			compatibilityVersion = "Xcode 3.2";
			developmentRegion = English;
			hasScannedForEncodings = 0;
			knownRegions = (
				en,
				Base,
			);
			mainGroup = 7B40D4BD1EB69E3C00DBE4F7;
			productRefGroup = 7B40D4C71EB69E3D00DBE4F7 /* Products */;
			projectDirPath = "";
			projectRoot = "";
			targets = (
				7B40D4C51EB69E3D00DBE4F7 /* WhenHubApp */,
			);
		};
/* End PBXProject section */

/* Begin PBXResourcesBuildPhase section */
		7B40D4C41EB69E3D00DBE4F7 /* Resources */ = {
			isa = PBXResourcesBuildPhase;
			buildActionMask = 2147483647;
			files = (
				7B40D4D41EB69E3D00DBE4F7 /* LaunchScreen.storyboard in Resources */,
				7B40D4D11EB69E3D00DBE4F7 /* Assets.xcassets in Resources */,
				7B40D4CF1EB69E3D00DBE4F7 /* Main.storyboard in Resources */,
			);
			runOnlyForDeploymentPostprocessing = 0;
		};
/* End PBXResourcesBuildPhase section */

/* Begin PBXShellScriptBuildPhase section */
		42D14FEA82DE4359E2B5FAAF /* [CP] Check Pods Manifest.lock */ = {
			isa = PBXShellScriptBuildPhase;
			buildActionMask = 2147483647;
			files = (
			);
			inputPaths = (
			);
			name = "[CP] Check Pods Manifest.lock";
			outputPaths = (
			);
			runOnlyForDeploymentPostprocessing = 0;
			shellPath = /bin/sh;
			shellScript = "diff \"${PODS_ROOT}/../Podfile.lock\" \"${PODS_ROOT}/Manifest.lock\" > /dev/null\nif [ $? != 0 ] ; then\n    # print error to STDERR\n    echo \"error: The sandbox is not in sync with the Podfile.lock. Run 'pod install' or update your CocoaPods installation.\" >&2\n    exit 1\nfi\n";
			showEnvVarsInLog = 0;
		};
		6912F3DB0B9AA8CC001EB185 /* [CP] Copy Pods Resources */ = {
			isa = PBXShellScriptBuildPhase;
			buildActionMask = 2147483647;
			files = (
			);
			inputPaths = (
			);
			name = "[CP] Copy Pods Resources";
			outputPaths = (
			);
			runOnlyForDeploymentPostprocessing = 0;
			shellPath = /bin/sh;
			shellScript = "\"${SRCROOT}/Pods/Target Support Files/Pods-WhenHubApp/Pods-WhenHubApp-resources.sh\"\n";
			showEnvVarsInLog = 0;
		};
		BCDCB1FB7BC44BE42DB83792 /* [CP] Embed Pods Frameworks */ = {
			isa = PBXShellScriptBuildPhase;
			buildActionMask = 2147483647;
			files = (
			);
			inputPaths = (
			);
			name = "[CP] Embed Pods Frameworks";
			outputPaths = (
			);
			runOnlyForDeploymentPostprocessing = 0;
			shellPath = /bin/sh;
			shellScript = "\"${SRCROOT}/Pods/Target Support Files/Pods-WhenHubApp/Pods-WhenHubApp-frameworks.sh\"\n";
			showEnvVarsInLog = 0;
		};
/* End PBXShellScriptBuildPhase section */

/* Begin PBXSourcesBuildPhase section */
		7B40D4C21EB69E3D00DBE4F7 /* Sources */ = {
			isa = PBXSourcesBuildPhase;
			buildActionMask = 2147483647;
			files = (
				7B7A8AA41EBDF66200A657F0 /* Event.swift in Sources */,
				7BD4E2A51EBD2944000DDDA3 /* Schedule.swift in Sources */,
				7BB70A371EBCF1F700E807CD /* WhenHubAPIConstants.swift in Sources */,
				7BD4E2A31EBD1A1C000DDDA3 /* MySchedulesViewController.swift in Sources */,
				7BD4E2A71EBD305A000DDDA3 /* ScheduleCell.swift in Sources */,
				7B40D4CC1EB69E3D00DBE4F7 /* ViewController.swift in Sources */,
				7B40D4DC1EB6A03800DBE4F7 /* WhenHubAPI.swift in Sources */,
				7B40D4CA1EB69E3D00DBE4F7 /* AppDelegate.swift in Sources */,
			);
			runOnlyForDeploymentPostprocessing = 0;
		};
/* End PBXSourcesBuildPhase section */

/* Begin PBXVariantGroup section */
		7B40D4CD1EB69E3D00DBE4F7 /* Main.storyboard */ = {
			isa = PBXVariantGroup;
			children = (
				7B40D4CE1EB69E3D00DBE4F7 /* Base */,
			);
			name = Main.storyboard;
			sourceTree = "<group>";
		};
		7B40D4D21EB69E3D00DBE4F7 /* LaunchScreen.storyboard */ = {
			isa = PBXVariantGroup;
			children = (
				7B40D4D31EB69E3D00DBE4F7 /* Base */,
			);
			name = LaunchScreen.storyboard;
			sourceTree = "<group>";
		};
/* End PBXVariantGroup section */

/* Begin XCBuildConfiguration section */
		7B40D4D61EB69E3D00DBE4F7 /* Debug */ = {
			isa = XCBuildConfiguration;
			buildSettings = {
				ALWAYS_SEARCH_USER_PATHS = NO;
				CLANG_ANALYZER_NONNULL = YES;
				CLANG_ANALYZER_NUMBER_OBJECT_CONVERSION = YES_AGGRESSIVE;
				CLANG_CXX_LANGUAGE_STANDARD = "gnu++0x";
				CLANG_CXX_LIBRARY = "libc++";
				CLANG_ENABLE_MODULES = YES;
				CLANG_ENABLE_OBJC_ARC = YES;
				CLANG_WARN_BOOL_CONVERSION = YES;
				CLANG_WARN_CONSTANT_CONVERSION = YES;
				CLANG_WARN_DIRECT_OBJC_ISA_USAGE = YES_ERROR;
				CLANG_WARN_DOCUMENTATION_COMMENTS = YES;
				CLANG_WARN_EMPTY_BODY = YES;
				CLANG_WARN_ENUM_CONVERSION = YES;
				CLANG_WARN_INFINITE_RECURSION = YES;
				CLANG_WARN_INT_CONVERSION = YES;
				CLANG_WARN_OBJC_ROOT_CLASS = YES_ERROR;
				CLANG_WARN_SUSPICIOUS_MOVE = YES;
				CLANG_WARN_UNREACHABLE_CODE = YES;
				CLANG_WARN__DUPLICATE_METHOD_MATCH = YES;
				"CODE_SIGN_IDENTITY[sdk=iphoneos*]" = "iPhone Developer";
				COPY_PHASE_STRIP = NO;
				DEBUG_INFORMATION_FORMAT = dwarf;
				ENABLE_STRICT_OBJC_MSGSEND = YES;
				ENABLE_TESTABILITY = YES;
				GCC_C_LANGUAGE_STANDARD = gnu99;
				GCC_DYNAMIC_NO_PIC = NO;
				GCC_NO_COMMON_BLOCKS = YES;
				GCC_OPTIMIZATION_LEVEL = 0;
				GCC_PREPROCESSOR_DEFINITIONS = (
					"DEBUG=1",
					"$(inherited)",
				);
				GCC_WARN_64_TO_32_BIT_CONVERSION = YES;
				GCC_WARN_ABOUT_RETURN_TYPE = YES_ERROR;
				GCC_WARN_UNDECLARED_SELECTOR = YES;
				GCC_WARN_UNINITIALIZED_AUTOS = YES_AGGRESSIVE;
				GCC_WARN_UNUSED_FUNCTION = YES;
				GCC_WARN_UNUSED_VARIABLE = YES;
				IPHONEOS_DEPLOYMENT_TARGET = 10.3;
				MTL_ENABLE_DEBUG_INFO = YES;
				ONLY_ACTIVE_ARCH = YES;
				SDKROOT = iphoneos;
				SWIFT_ACTIVE_COMPILATION_CONDITIONS = DEBUG;
				SWIFT_OPTIMIZATION_LEVEL = "-Onone";
			};
			name = Debug;
		};
		7B40D4D71EB69E3D00DBE4F7 /* Release */ = {
			isa = XCBuildConfiguration;
			buildSettings = {
				ALWAYS_SEARCH_USER_PATHS = NO;
				CLANG_ANALYZER_NONNULL = YES;
				CLANG_ANALYZER_NUMBER_OBJECT_CONVERSION = YES_AGGRESSIVE;
				CLANG_CXX_LANGUAGE_STANDARD = "gnu++0x";
				CLANG_CXX_LIBRARY = "libc++";
				CLANG_ENABLE_MODULES = YES;
				CLANG_ENABLE_OBJC_ARC = YES;
				CLANG_WARN_BOOL_CONVERSION = YES;
				CLANG_WARN_CONSTANT_CONVERSION = YES;
				CLANG_WARN_DIRECT_OBJC_ISA_USAGE = YES_ERROR;
				CLANG_WARN_DOCUMENTATION_COMMENTS = YES;
				CLANG_WARN_EMPTY_BODY = YES;
				CLANG_WARN_ENUM_CONVERSION = YES;
				CLANG_WARN_INFINITE_RECURSION = YES;
				CLANG_WARN_INT_CONVERSION = YES;
				CLANG_WARN_OBJC_ROOT_CLASS = YES_ERROR;
				CLANG_WARN_SUSPICIOUS_MOVE = YES;
				CLANG_WARN_UNREACHABLE_CODE = YES;
				CLANG_WARN__DUPLICATE_METHOD_MATCH = YES;
				"CODE_SIGN_IDENTITY[sdk=iphoneos*]" = "iPhone Developer";
				COPY_PHASE_STRIP = NO;
				DEBUG_INFORMATION_FORMAT = "dwarf-with-dsym";
				ENABLE_NS_ASSERTIONS = NO;
				ENABLE_STRICT_OBJC_MSGSEND = YES;
				GCC_C_LANGUAGE_STANDARD = gnu99;
				GCC_NO_COMMON_BLOCKS = YES;
				GCC_WARN_64_TO_32_BIT_CONVERSION = YES;
				GCC_WARN_ABOUT_RETURN_TYPE = YES_ERROR;
				GCC_WARN_UNDECLARED_SELECTOR = YES;
				GCC_WARN_UNINITIALIZED_AUTOS = YES_AGGRESSIVE;
				GCC_WARN_UNUSED_FUNCTION = YES;
				GCC_WARN_UNUSED_VARIABLE = YES;
				IPHONEOS_DEPLOYMENT_TARGET = 10.3;
				MTL_ENABLE_DEBUG_INFO = NO;
				SDKROOT = iphoneos;
				SWIFT_OPTIMIZATION_LEVEL = "-Owholemodule";
				VALIDATE_PRODUCT = YES;
			};
			name = Release;
		};
		7B40D4D91EB69E3D00DBE4F7 /* Debug */ = {
			isa = XCBuildConfiguration;
			baseConfigurationReference = C0D3D75F51A37A0CD034657A /* Pods-WhenHubApp.debug.xcconfig */;
			buildSettings = {
				ASSETCATALOG_COMPILER_APPICON_NAME = AppIcon;
				DEVELOPMENT_TEAM = FMU8FF78B7;
				INFOPLIST_FILE = WhenHubApp/Info.plist;
				LD_RUNPATH_SEARCH_PATHS = "$(inherited) @executable_path/Frameworks";
				PRODUCT_BUNDLE_IDENTIFIER = com.rodrigosuhr.WhenHubApp;
				PRODUCT_NAME = "$(TARGET_NAME)";
				SWIFT_VERSION = 3.0;
			};
			name = Debug;
		};
		7B40D4DA1EB69E3D00DBE4F7 /* Release */ = {
			isa = XCBuildConfiguration;
			baseConfigurationReference = 82561F89404EE58FD75B735D /* Pods-WhenHubApp.release.xcconfig */;
			buildSettings = {
				ASSETCATALOG_COMPILER_APPICON_NAME = AppIcon;
				DEVELOPMENT_TEAM = FMU8FF78B7;
				INFOPLIST_FILE = WhenHubApp/Info.plist;
				LD_RUNPATH_SEARCH_PATHS = "$(inherited) @executable_path/Frameworks";
				PRODUCT_BUNDLE_IDENTIFIER = com.rodrigosuhr.WhenHubApp;
				PRODUCT_NAME = "$(TARGET_NAME)";
				SWIFT_VERSION = 3.0;
			};
			name = Release;
		};
/* End XCBuildConfiguration section */

/* Begin XCConfigurationList section */
		7B40D4C11EB69E3C00DBE4F7 /* Build configuration list for PBXProject "WhenHubApp" */ = {
			isa = XCConfigurationList;
			buildConfigurations = (
				7B40D4D61EB69E3D00DBE4F7 /* Debug */,
				7B40D4D71EB69E3D00DBE4F7 /* Release */,
			);
			defaultConfigurationIsVisible = 0;
			defaultConfigurationName = Release;
		};
		7B40D4D81EB69E3D00DBE4F7 /* Build configuration list for PBXNativeTarget "WhenHubApp" */ = {
			isa = XCConfigurationList;
			buildConfigurations = (
				7B40D4D91EB69E3D00DBE4F7 /* Debug */,
				7B40D4DA1EB69E3D00DBE4F7 /* Release */,
			);
			defaultConfigurationIsVisible = 0;
			defaultConfigurationName = Release;
		};
/* End XCConfigurationList section */
	};
	rootObject = 7B40D4BE1EB69E3C00DBE4F7 /* Project object */;
}
